{
    "_meta": {
        "hash": {
            "sha256": "f8f70ef0d06216804013032cb6cbf069e3ce38f9eb0ba79d313926851eb4b180"
        },
        "pipfile-spec": 6,
        "requires": {
            "python_version": "3.*"
        },
        "sources": [
            {
                "name": "pypi",
                "url": "https://pypi.org/simple",
                "verify_ssl": true
            }
        ]
    },
    "default": {
        "asyncio-nats-client": {
            "hashes": [
                "sha256:c6a2855a63db68289bb270240670ff30514ba0082a8b4f759b8e9955ac84c575"
            ],
            "version": "==0.11.5"
        },
        "asyncio-nats-streaming": {
            "hashes": [
                "sha256:1fecb125917b438028e6eb753cdc1689dd1c7c86df8a9808534d9fc1711b0aa6"
            ],
            "index": "pypi",
            "version": "==0.4.0"
        },
        "pillow": {
            "hashes": [
                "sha256:0683e80d81e840d401b687ebc00a02bbb23d0793c34d0852a5af64cfa1589540",
                "sha256:09c4e81c3277199898e8dc2d85d94febad87c41251ecbd447ba7d64d94765bd8",
                "sha256:0ee74a23022af9baf997e3016b4e090e4ff08688d37a6f49010338ab46cfe101",
                "sha256:10860baedfe5da7c43cd17835b091494dcc59dda5ad176a011713fe398ea6ac2",
                "sha256:15c056bfa284c30a7f265a41ac4cbbc93bdbfc0dfe0613b9cb8a8581b51a9e55",
                "sha256:1a4e06ba4f74494ea0c58c24de2bb752818e9d504474ec95b0aa94f6b0a7e479",
                "sha256:1c3c707c76be43c9e99cb7e3d5f1bee1c8e5be8b8a2a5eeee665efbf8ddde91a",
                "sha256:1fd0b290203e3b0882d9605d807b03c0f47e3440f97824586c173eca0aadd99d",
                "sha256:24114e4a6e1870c5a24b1da8f60d0ba77a0b4027907860188ea82bd3508c80eb",
                "sha256:258d886a49b6b058cd7abb0ab4b2b85ce78669a857398e83e8b8e28b317b5abb",
                "sha256:2734c55f7d054b0ad889c971136cbb0a5b35a921e27beaa44fdc2436af529c6e",
                "sha256:2ac36ec56727a95bd5a04dfca6abce1db8042c31ee73b65796a42f31fd52d009",
                "sha256:2bc1002b573d107c0b172a5da0f34b4900b2ddc6c3296b82d601e966d5ac1959",
                "sha256:33c79b6dd6bc7f65079ab9ca5bebffb5f5d1141c689c9c6a7855776d1b09b7e8",
                "sha256:367385fc797b2c31564c427430c7a8630db1a00bd040555dfc1d5c52e39fcd72",
                "sha256:3c1884ff078fb8bf5f63d7d86921838b82ed4a7d0c027add773c2f38b3168754",
                "sha256:44e5240e8f4f8861d748f2a58b3f04daadab5e22bfec896bf5434745f788f33f",
                "sha256:46aa988e15f3ea72dddd81afe3839437b755fffddb5e173886f11460be909dce",
                "sha256:492e1e4df823b57f9334f591c78a1e0e65a361e92594534e0568eeeeea56bbba",
                "sha256:50fb9e25d25cfcb50b2e6842c4e104e4f0b424be4624e1724532bf005c67589a",
                "sha256:5ceadd60dbd1e56ab7faffbfee1df5ecb83c3f0420e47f652cd5306d70eb0296",
                "sha256:74d90d499c9c736d52dd6d9b7221af5665b9c04f1767e35f5dd8694324bd4601",
                "sha256:7eeac51fc37e6b19631a4b8e38b8261a074efcf7cc27fc16a6bee4697af7aaa5",
                "sha256:809c0a2ce9032cbcd7b5313f71af4bdc5c8c771cb86eb7559afd954cab82ebb5",
                "sha256:85d1ef2cdafd5507c4221d201aaf62fc9276f8b0f71bd3933363e62a33abc734",
                "sha256:8c3889c7681af77ecfa4431cd42a2885d093ecb811e81fbe5e203abc07e0995b",
                "sha256:9218d81b9fca98d2c47d35d688a0cea0c42fd473159dfd5612dcb0483c63e40b",
                "sha256:9319215530e236822169cbe92426cdc18d16b88c943fdf365a6309a89876e335",
                "sha256:96ec275c83bf839972d6a7dd7d685fdfb6a3233c3c382ecff839d04e7d53955d",
                "sha256:9aa4f3827992288edd37c9df345783a69ef58bd20cc02e64b36e44bcd157bbf1",
                "sha256:9d80f44137a70b6f84c750d11019a3419f409c944526a95219bea0ac31f4dd91",
                "sha256:b7ebd36128a2fe93991293f997e44be9286503c7530ace6a55b938b20be288d8",
                "sha256:c30857e1fbf7d4a4b79d7d376eefaf293ea4307b8293d00a62e6f517f51bfe9b",
                "sha256:c4c78e2c71c257c136cdd43869fd3d5e34fc2162dc22e4a5406b0ebe86958239",
                "sha256:c5472ea3945e8f9eb0659f37fc1f592fd06f4f725f0f03774a8999ad8c130334",
                "sha256:c6a842537f887be1fe115d8abb5daa9bc8cc124e455ff995830cc785624a97af",
                "sha256:cf0a2e040fdf5a6d95f4c286c6ef1df6b36c218b528c8a9158ec2452a804b9b8",
                "sha256:cfd28aad6fc61f7a5d4ee556a997dc6e5555d9381d1390c00ecaf984d57e4232",
                "sha256:d0fd1ec2e7c3e0aeaae999efe83f5d0f42c1160a1f8be5120d40857d20baa452",
                "sha256:dca5660e25932771460d4688ccbb515677caaf8595f3f3240ec16c117deff89a",
                "sha256:de7aedc85918c2f887886442e50f52c1b93545606317956d65f342bd81cb4fc3",
                "sha256:e6c0bbf8e277b74196e3140c35f9a1ae3eafd818f7f2d3a15819c49135d6c062"
            ],
            "index": "pypi",
            "version": "==6.0.0"
        },
        "protobuf": {
            "hashes": [
                "sha256:0c44e01f74109decea196b5b313b08edb5316df77313995594a6981e95674259",
                "sha256:15cdecb0d192ab5f17cdc21a9c0ae7b5c6c4451e42c8a888a4f3344c190e369c",
                "sha256:196a153e487c0e20d62259872bbf2e1c4fa18e2ce97e20984fcbf9d8b151058d",
                "sha256:3149c373e9b7ce296bb24d42a3eb677d620185b5dff2c390b2cf57baf79afdc1",
                "sha256:370a6b885e94adda021d4cbe43accdfbf6a02af651a0be337a28906a3fa77f3d",
                "sha256:474247630834f93214fafce49d2ee6ff4c036c8c5382b88432b7eae6f08f131b",
                "sha256:6380aae2683d0d1b41199e591c8ba06f867e8a778d44309af87073c1b34a9f3a",
                "sha256:6741d7d1cfcbdd6cf610f38b7976cf8c0b41022203555298925e4061b6616608",
                "sha256:700787cb56b4cb7b8ed5f7d197b9d8f30080f257f3c7431eec1fdd8060660929",
                "sha256:8117b52c2531e4033f7d02b9be5a78564da41a8b02c255e1b731ad4bd75e7dc0",
                "sha256:850da2072d98c6e576b7eb29734cdde6fd9f5d157e43d7818d79f4b373ef5d51",
                "sha256:85d1fb5ff1d638a0045bbe4f01a8f287023aa4f2b29011445b1be0edc74a2103",
                "sha256:93bca9aaeee8008e15696c2a6b5e56b992da03f9d237ff54310e397d635f8305",
                "sha256:98d414513ec44bb3ba77ebdeffcbbe6ebbf3630c767d37a285890c2414fdd4e2",
                "sha256:a7f91a4e5bf3cc58b2830c9cb01b04ac5e211c288048e9296cd407ec0455fb89",
                "sha256:abbcb8ecd19cfb729b9b71f9a453e37c0c1c017be4bff47804ff25150685386d",
                "sha256:b03966ca4d1aa7850f5bf0d841c22a8eeb6ce091f77e585ffeb8b95a6b0a96c4",
                "sha256:cde2a73b03049b904dbc5d0f500b97e11abb4109dbe2940e6a1595e2eef4e8a9",
                "sha256:d52a687e2c74c40f45abd6906f833d4e40f0f8cfa4226a80e4695fedafe6c57e",
                "sha256:e68ad00695547d9397dd14abd3efba23cb31cef67228f4512d41396971889812",
                "sha256:e9bffd52d6ee039a1cafb72475b2900c6fd0f0dca667fb7a09af0a3e119e78cb"
            ],
            "index": "pypi",
            "version": "==3.18.3"
        }
    },
    "develop": {
        "atomicwrites": {
            "hashes": [
                "sha256:81b2c9071a49367a7f770170e5eec8cb66567cfbbc8c73d20ce5ca4a8d71cf11"
            ],
            "version": "==1.4.1"
        },
        "attrs": {
            "hashes": [
                "sha256:29adc2665447e5191d0e7c568fde78b21f9672d344281d0c6e1ab085429b22b6",
                "sha256:86efa402f67bf2df34f51a335487cf46b1ec130d02b8d39fd248abfd30da551c"
            ],
            "markers": "python_version >= '3.5'",
            "version": "==22.1.0"
        },
        "coverage": {
            "hashes": [
                "sha256:01778769097dbd705a24e221f42be885c544bb91251747a8a3efdec6eb4788f2",
                "sha256:08002f9251f51afdcc5e3adf5d5d66bb490ae893d9e21359b085f0e03390a820",
                "sha256:1238b08f3576201ebf41f7c20bf59baa0d05da941b123c6656e42cdb668e9827",
                "sha256:14a32ec68d721c3d714d9b105c7acf8e0f8a4f4734c811eda75ff3718570b5e3",
                "sha256:15e38d853ee224e92ccc9a851457fb1e1f12d7a5df5ae44544ce7863691c7a0d",
                "sha256:354df19fefd03b9a13132fa6643527ef7905712109d9c1c1903f2133d3a4e145",
                "sha256:35ef1f8d8a7a275aa7410d2f2c60fa6443f4a64fae9be671ec0696a68525b875",
                "sha256:4179502f210ebed3ccfe2f78bf8e2d59e50b297b598b100d6c6e3341053066a2",
                "sha256:42c499c14efd858b98c4e03595bf914089b98400d30789511577aa44607a1b74",
                "sha256:4b7101938584d67e6f45f0015b60e24a95bf8dea19836b1709a80342e01b472f",
                "sha256:564cd0f5b5470094df06fab676c6d77547abfdcb09b6c29c8a97c41ad03b103c",
                "sha256:5f444627b3664b80d078c05fe6a850dd711beeb90d26731f11d492dcbadb6973",
                "sha256:6113e4df2fa73b80f77663445be6d567913fb3b82a86ceb64e44ae0e4b695de1",
                "sha256:61b993f3998ee384935ee423c3d40894e93277f12482f6e777642a0141f55782",
                "sha256:66e6df3ac4659a435677d8cd40e8eb1ac7219345d27c41145991ee9bf4b806a0",
                "sha256:67f9346aeebea54e845d29b487eb38ec95f2ecf3558a3cffb26ee3f0dcc3e760",
                "sha256:6913dddee2deff8ab2512639c5168c3e80b3ebb0f818fed22048ee46f735351a",
                "sha256:6a864733b22d3081749450466ac80698fe39c91cb6849b2ef8752fd7482011f3",
                "sha256:7026f5afe0d1a933685d8f2169d7c2d2e624f6255fb584ca99ccca8c0e966fd7",
                "sha256:783bc7c4ee524039ca13b6d9b4186a67f8e63d91342c713e88c1865a38d0892a",
                "sha256:7a98d6bf6d4ca5c07a600c7b4e0c5350cd483c85c736c522b786be90ea5bac4f",
                "sha256:8d032bfc562a52318ae05047a6eb801ff31ccee172dc0d2504614e911d8fa83e",
                "sha256:98c0b9e9b572893cdb0a00e66cf961a238f8d870d4e1dc8e679eb8bdc2eb1b86",
                "sha256:9c7b9b498eb0c0d48b4c2abc0e10c2d78912203f972e0e63e3c9dc21f15abdaa",
                "sha256:9cc4f107009bca5a81caef2fca843dbec4215c05e917a59dec0c8db5cff1d2aa",
                "sha256:9d6e1f3185cbfd3d91ac77ea065d85d5215d3dfa45b191d14ddfcd952fa53796",
                "sha256:a095aa0a996ea08b10580908e88fbaf81ecf798e923bbe64fb98d1807db3d68a",
                "sha256:a3b2752de32c455f2521a51bd3ffb53c5b3ae92736afde67ce83477f5c1dd928",
                "sha256:ab066f5ab67059d1f1000b5e1aa8bbd75b6ed1fc0014559aea41a9eb66fc2ce0",
                "sha256:c1328d0c2f194ffda30a45f11058c02410e679456276bfa0bbe0b0ee87225fac",
                "sha256:c35cca192ba700979d20ac43024a82b9b32a60da2f983bec6c0f5b84aead635c",
                "sha256:cbbb0e4cd8ddcd5ef47641cfac97d8473ab6b132dd9a46bacb18872828031685",
                "sha256:cdbb0d89923c80dbd435b9cf8bba0ff55585a3cdb28cbec65f376c041472c60d",
                "sha256:cf2afe83a53f77aec067033199797832617890e15bed42f4a1a93ea24794ae3e",
                "sha256:d5dd4b8e9cd0deb60e6fcc7b0647cbc1da6c33b9e786f9c79721fd303994832f",
                "sha256:dfa0b97eb904255e2ab24166071b27408f1f69c8fbda58e9c0972804851e0558",
                "sha256:e16c45b726acb780e1e6f88b286d3c10b3914ab03438f32117c4aa52d7f30d58",
                "sha256:e1fabd473566fce2cf18ea41171d92814e4ef1495e04471786cbc943b89a3781",
                "sha256:e3d3c4cc38b2882f9a15bafd30aec079582b819bec1b8afdbde8f7797008108a",
                "sha256:e431e305a1f3126477abe9a184624a85308da8edf8486a863601d58419d26ffa",
                "sha256:e7b4da9bafad21ea45a714d3ea6f3e1679099e420c8741c74905b92ee9bfa7cc",
                "sha256:ee2b2fb6eb4ace35805f434e0f6409444e1466a47f620d1d5763a22600f0f892",
                "sha256:ee6ae6bbcac0786807295e9687169fba80cb0617852b2fa118a99667e8e6815d",
                "sha256:ef6f44409ab02e202b31a05dd6666797f9de2aa2b4b3534e9d450e42dea5e817",
                "sha256:f67cf9f406cf0d2f08a3515ce2db5b82625a7257f88aad87904674def6ddaec1",
                "sha256:f855b39e4f75abd0dfbcf74a82e84ae3fc260d523fcb3532786bcbbcb158322c",
                "sha256:fc600f6ec19b273da1d85817eda339fb46ce9eef3e89f220055d8696e0a06908",
                "sha256:fcbe3d9a53e013f8ab88734d7e517eb2cd06b7e689bedf22c0eb68db5e4a0a19",
                "sha256:fde17bc42e0716c94bf19d92e4c9f5a00c5feb401f5bc01101fdf2a8b7cacf60",
                "sha256:ff934ced84054b9018665ca3967fc48e1ac99e811f6cc99ea65978e1d384454b"
            ],
            "markers": "python_version >= '3.7'",
            "version": "==6.4.4"
        },
        "importlib-metadata": {
            "hashes": [
                "sha256:637245b8bab2b6502fcbc752cc4b7a6f6243bb02b31c5c26156ad103d3d45670",
                "sha256:7401a975809ea1fdc658c3aa4f78cc2195a0e019c5cbc4c06122884e9ae80c23"
            ],
            "markers": "python_version >= '3.7'",
            "version": "==4.12.0"
        },
        "more-itertools": {
            "hashes": [
                "sha256:1bc4f91ee5b1b31ac7ceacc17c09befe6a40a503907baf9c839c229b5095cfd2",
                "sha256:c09443cd3d5438b8dafccd867a6bc1cb0894389e90cb53d227456b0b0bccb750"
            ],
            "markers": "python_version > '2.7'",
            "version": "==8.14.0"
        },
        "packaging": {
            "hashes": [
                "sha256:dd47c42927d89ab911e606518907cc2d3a1f38bbd026385970643f9c5b8ecfeb",
                "sha256:ef103e05f519cdc783ae24ea4e2e0f508a9c99b2d4969652eed6a2e1ea5bd522"
            ],
            "markers": "python_version >= '3.6'",
            "version": "==21.3"
        },
        "pluggy": {
            "hashes": [
                "sha256:15b2acde666561e1298d71b523007ed7364de07029219b604cf808bfa1c765b0",
                "sha256:966c145cd83c96502c3c3868f50408687b38434af77734af1e9ca461a4081d2d"
            ],
            "markers": "python_version >= '2.7' and python_version not in '3.0, 3.1, 3.2, 3.3'",
            "version": "==0.13.1"
        },
        "py": {
            "hashes": [
                "sha256:51c75c4126074b472f746a24399ad32f6053d1b34b68d2fa41e558e6f4a98719",
                "sha256:607c53218732647dff4acdfcd50cb62615cedf612e72d1724fb1a0cc6405b378"
            ],
            "markers": "python_version >= '2.7' and python_version not in '3.0, 3.1, 3.2, 3.3, 3.4'",
            "version": "==1.11.0"
        },
        "pyparsing": {
            "hashes": [
                "sha256:2b020ecf7d21b687f219b71ecad3631f644a47f01403fa1d1036b0c6416d70fb",
                "sha256:5026bae9a10eeaefb61dab2f09052b9f4307d44aee4eda64b309723d8d206bbc"
            ],
            "markers": "python_full_version >= '3.6.8'",
            "version": "==3.0.9"
        },
        "pytest": {
            "hashes": [
                "sha256:4a784f1d4f2ef198fe9b7aef793e9fa1a3b2f84e822d9b3a64a181293a572d45",
                "sha256:926855726d8ae8371803f7b2e6ec0a69953d9c6311fa7c3b6c1b929ff92d27da"
            ],
            "index": "pypi",
            "version": "==4.6.3"
        },
        "pytest-cov": {
            "hashes": [
                "sha256:2b097cde81a302e1047331b48cadacf23577e431b61e9c6f49a1170bbe3d3da6",
                "sha256:e00ea4fdde970725482f1f35630d12f074e121a23801aabf2ae154ec6bdd343a"
            ],
            "index": "pypi",
            "version": "==2.7.1"
        },
        "six": {
            "hashes": [
                "sha256:1e61c37477a1626458e36f7b1d82aa5c9b094fa4802892072e49de9c60c4c926",
                "sha256:8abb2f1d86890a2dfb989f9a77cfcfd3e47c2a354b01111771326f8aa26e0254"
            ],
            "markers": "python_version >= '2.7' and python_version not in '3.0, 3.1, 3.2, 3.3'",
            "version": "==1.16.0"
        },
        "typing-extensions": {
            "hashes": [
                "sha256:25642c956049920a5aa49edcdd6ab1e06d7e5d467fc00e0506c44ac86fbfca02",
                "sha256:e6d2677a32f47fc7eb2795db1dd15c1f34eff616bcaf2cfb5e997f854fa1c4a6"
            ],
            "markers": "python_version < '3.8'",
            "version": "==4.3.0"
        },
        "wcwidth": {
            "hashes": [
                "sha256:beb4802a9cebb9144e99086eff703a642a13d6a0052920003a230f3294bbe784",
                "sha256:c4d647b99872929fdb7bdcaa4fbe7f01413ed3d98077df798530e5b04f116c83"
            ],
            "version": "==0.2.5"
        },
        "zipp": {
            "hashes": [
                "sha256:05b45f1ee8f807d0cc928485ca40a07cb491cf092ff587c0df9cb1fd154848d2",
                "sha256:47c40d7fe183a6f21403a199b3e4192cca5774656965b0a4988ad2f8feb5f009"
            ],
            "markers": "python_version >= '3.7'",
            "version": "==3.8.1"
        }
    }
}
