{
    "_meta": {
        "hash": {
            "sha256": "40a9610ab98ac586611e8fea346e6852a891d0d763178c95dcbd4e815883e398"
        },
        "pipfile-spec": 6,
        "requires": {
            "python_version": "3.7"
        },
        "sources": [
            {
                "name": "pypi",
                "url": "https://pypi.org/simple",
                "verify_ssl": true
            }
        ]
    },
    "default": {
        "aiofiles": {
            "hashes": [
                "sha256:021ea0ba314a86027c166ecc4b4c07f2d40fc0f4b3a950d1868a0f2571c2bbee",
                "sha256:1e644c2573f953664368de28d2aa4c89dfd64550429d0c27c4680ccd3aa4985d"
            ],
            "version": "==0.4.0"
        },
        "asyncio-nats-client": {
            "hashes": [
                "sha256:12ac47284b20bd0359ee9579972892c8d8a08d23c2bbcf6f637b6f2feff3aa4d"
            ],
            "version": "==0.8.2"
        },
        "asyncio-nats-streaming": {
            "hashes": [
                "sha256:fb7a7d468f378199a5fd20811603ec6228db1da52543deb13dfd96d1189f038d"
            ],
            "index": "pypi",
            "version": "==0.1.2"
        },
        "blinker": {
            "hashes": [
                "sha256:471aee25f3992bd325afa3772f1063dbdbbca947a041b8b89466dc00d606f8b6"
            ],
            "version": "==1.4"
        },
        "click": {
            "hashes": [
                "sha256:2335065e6395b9e67ca716de5f7526736bfa6ceead690adf616d925bdc622b13",
                "sha256:5b94b49521f6456670fdb30cd82a4eca9412788a93fa6dd6df72c94d5a8ff2d7"
            ],
            "version": "==7.0"
        },
        "h11": {
            "hashes": [
                "sha256:acca6a44cb52a32ab442b1779adf0875c443c689e9e028f8d831a3769f9c5208",
                "sha256:f2b1ca39bfed357d1f19ac732913d5f9faa54a5062eca7d2ec3a916cfb7ae4c7"
            ],
            "version": "==0.8.1"
        },
        "h2": {
            "hashes": [
                "sha256:4be613e35caad5680dc48f98f3bf4e7338c7c429e6375a5137be7fbe45219981",
                "sha256:b2962f883fa392a23cbfcc4ad03c335bcc661be0cf9627657b589f0df2206e64"
            ],
            "version": "==3.0.1"
        },
        "hpack": {
            "hashes": [
                "sha256:0edd79eda27a53ba5be2dfabf3b15780928a0dff6eb0c60a3d6767720e970c89",
                "sha256:8eec9c1f4bfae3408a3f30500261f7e6a65912dc138526ea054f9ad98892e9d2"
            ],
            "version": "==3.0.0"
        },
        "hypercorn": {
            "hashes": [
                "sha256:3931144309c40341a46a2d054ac550bbd012a1f1a803774b5d6a3add90f52259",
                "sha256:4df03fbc101efb4faf0b0883863ff7e620f94310e309311ceafaadb38ee1fa36"
            ],
            "version": "==0.4.2"
        },
        "hyperframe": {
            "hashes": [
                "sha256:87567c9eb1540de1e7f48805adf00e87856409342fdebd0cd20cf5d381c38b69",
                "sha256:a25944539db36d6a2e47689e7915dcee562b3f8d10c6cdfa0d53c91ed692fb04"
            ],
            "version": "==5.1.0"
        },
        "itsdangerous": {
            "hashes": [
                "sha256:321b033d07f2a4136d3ec762eac9f16a10ccd60f53c0c91af90217ace7ba1f19",
                "sha256:b12271b2047cb23eeb98c8b5622e2e5c5e9abd9784a153e9d8ef9cb4dd09d749"
            ],
            "version": "==1.1.0"
        },
        "jinja2": {
            "hashes": [
                "sha256:74c935a1b8bb9a3947c50a54766a969d4846290e1e788ea44c1392163723c3bd",
                "sha256:f84be1bb0040caca4cea721fcbbbbd61f9be9464ca236387158b0feea01914a4"
            ],
            "version": "==2.10"
        },
        "markupsafe": {
            "hashes": [
                "sha256:048ef924c1623740e70204aa7143ec592504045ae4429b59c30054cb31e3c432",
                "sha256:130f844e7f5bdd8e9f3f42e7102ef1d49b2e6fdf0d7526df3f87281a532d8c8b",
                "sha256:19f637c2ac5ae9da8bfd98cef74d64b7e1bb8a63038a3505cd182c3fac5eb4d9",
                "sha256:1b8a7a87ad1b92bd887568ce54b23565f3fd7018c4180136e1cf412b405a47af",
                "sha256:1c25694ca680b6919de53a4bb3bdd0602beafc63ff001fea2f2fc16ec3a11834",
                "sha256:1f19ef5d3908110e1e891deefb5586aae1b49a7440db952454b4e281b41620cd",
                "sha256:1fa6058938190ebe8290e5cae6c351e14e7bb44505c4a7624555ce57fbbeba0d",
                "sha256:31cbb1359e8c25f9f48e156e59e2eaad51cd5242c05ed18a8de6dbe85184e4b7",
                "sha256:3e835d8841ae7863f64e40e19477f7eb398674da6a47f09871673742531e6f4b",
                "sha256:4e97332c9ce444b0c2c38dd22ddc61c743eb208d916e4265a2a3b575bdccb1d3",
                "sha256:525396ee324ee2da82919f2ee9c9e73b012f23e7640131dd1b53a90206a0f09c",
                "sha256:52b07fbc32032c21ad4ab060fec137b76eb804c4b9a1c7c7dc562549306afad2",
                "sha256:52ccb45e77a1085ec5461cde794e1aa037df79f473cbc69b974e73940655c8d7",
                "sha256:5c3fbebd7de20ce93103cb3183b47671f2885307df4a17a0ad56a1dd51273d36",
                "sha256:5e5851969aea17660e55f6a3be00037a25b96a9b44d2083651812c99d53b14d1",
                "sha256:5edfa27b2d3eefa2210fb2f5d539fbed81722b49f083b2c6566455eb7422fd7e",
                "sha256:7d263e5770efddf465a9e31b78362d84d015cc894ca2c131901a4445eaa61ee1",
                "sha256:83381342bfc22b3c8c06f2dd93a505413888694302de25add756254beee8449c",
                "sha256:857eebb2c1dc60e4219ec8e98dfa19553dae33608237e107db9c6078b1167856",
                "sha256:98e439297f78fca3a6169fd330fbe88d78b3bb72f967ad9961bcac0d7fdd1550",
                "sha256:bf54103892a83c64db58125b3f2a43df6d2cb2d28889f14c78519394feb41492",
                "sha256:d9ac82be533394d341b41d78aca7ed0e0f4ba5a2231602e2f05aa87f25c51672",
                "sha256:e982fe07ede9fada6ff6705af70514a52beb1b2c3d25d4e873e82114cf3c5401",
                "sha256:edce2ea7f3dfc981c4ddc97add8a61381d9642dc3273737e756517cc03e84dd6",
                "sha256:efdc45ef1afc238db84cb4963aa689c0408912a0239b0721cb172b4016eb31d6",
                "sha256:f137c02498f8b935892d5c0172560d7ab54bc45039de8805075e19079c639a9c",
                "sha256:f82e347a72f955b7017a39708a3667f106e6ad4d10b25f237396a7115d8ed5fd",
                "sha256:fb7c206e01ad85ce57feeaaa0bf784b97fa3cad0d4a5737bc5295785f5c613a1"
            ],
            "version": "==1.1.0"
        },
        "multidict": {
            "hashes": [
                "sha256:013eb6591ab95173fd3deb7667d80951abac80100335b3e97b5fa778c1bb4b91",
                "sha256:0bffbbbb48db35f57dfb4733e943ac8178efb31aab5601cb7b303ee228ce96af",
                "sha256:1a34aab1dfba492407c757532f665ba3282ec4a40b0d2f678bda828ef422ebb7",
                "sha256:1b4b46a33f459a2951b0fd26c2d80639810631eb99b3d846d298b02d28a3e31d",
                "sha256:1d616d80c37a388891bf760d64bc50cac7c61dbb7d7013f2373aa4b44936e9f0",
                "sha256:225aefa7befbe05bd0116ef87e8cd76cbf4ac39457a66faf7fb5f3c2d7bea19a",
                "sha256:2c9b28985ef7c830d5c7ea344d068bcdee22f8b6c251369dea98c3a814713d44",
                "sha256:39e0600f8dd72acb011d09960da560ba3451b1eca8de5557c15705afc9d35f0e",
                "sha256:3c642c40ea1ca074397698446893a45cd6059d5d071fc3ba3915c430c125320f",
                "sha256:42357c90b488fac38852bcd7b31dcd36b1e2325413960304c28b8d98e6ff5fd4",
                "sha256:6ac668f27dbdf8a69c31252f501e128a69a60b43a44e43d712fb58ce3e5dfcca",
                "sha256:713683da2e3f1dd81a920c995df5dda51f1fff2b3995f5864c3ee782fcdcb96c",
                "sha256:73b6e7853b6d3bc0eac795044e700467631dff37a5a33d3230122b03076ac2f9",
                "sha256:77534c1b9f4a5d0962392cad3f668d1a04036b807618e3357eb2c50d8b05f7f7",
                "sha256:77b579ef57e27457064bb6bb4c8e5ede866af071af60fe3576226136048c6dfa",
                "sha256:82cf28f18c935d66c15a6f82fda766a4138d21e78532a1946b8ec603019ba0b8",
                "sha256:937e8f12f9edc0d2e351c09fc3e7335a65eefb75406339d488ee46ef241f75d8",
                "sha256:985dbf59e92f475573a04598f9a00f92b4fdb64fc41f1df2ea6f33b689319537",
                "sha256:9c4fab7599ba8c0dbf829272c48c519625c2b7f5630b49925802f1af3a77f1f4",
                "sha256:9e8772be8455b49a85ad6dbf6ce433da7856ba481d6db36f53507ae540823b15",
                "sha256:a06d6d88ce3be4b54deabd078810e3c077a8b2e20f0ce541c979b5dd49337031",
                "sha256:a1da0cdc3bc45315d313af976dab900888dbb477d812997ee0e6e4ea43d325e5",
                "sha256:a6652466a4800e9fde04bf0252e914fff5f05e2a40ee1453db898149624dfe04",
                "sha256:a7f23523ea6a01f77e0c6da8aae37ab7943e35630a8d2eda7e49502f36b51b46",
                "sha256:a87429da49f4c9fb37a6a171fa38b59a99efdeabffb34b4255a7a849ffd74a20",
                "sha256:c26bb81d0d19619367a96593a097baec2d5a7b3a0cfd1e3a9470277505a465c2",
                "sha256:d4f4545edb4987f00fde44241cef436bf6471aaac7d21c6bbd497cca6049f613",
                "sha256:daabc2766a2b76b3bec2086954c48d5f215f75a335eaee1e89c8357922a3c4d5",
                "sha256:f08c1dcac70b558183b3b755b92f1135a76fd1caa04009b89ddea57a815599aa"
            ],
            "version": "==4.5.1"
        },
        "protobuf": {
            "hashes": [
                "sha256:10394a4d03af7060fa8a6e1cbf38cea44be1467053b0aea5bbfcb4b13c4b88c4",
                "sha256:1489b376b0f364bcc6f89519718c057eb191d7ad6f1b395ffd93d1aa45587811",
                "sha256:1931d8efce896981fe410c802fd66df14f9f429c32a72dd9cfeeac9815ec6444",
                "sha256:196d3a80f93c537f27d2a19a4fafb826fb4c331b0b99110f985119391d170f96",
                "sha256:46e34fdcc2b1f2620172d3a4885128705a4e658b9b62355ae5e98f9ea19f42c2",
                "sha256:4b92e235a3afd42e7493b281c8b80c0c65cbef45de30f43d571d1ee40a1f77ef",
                "sha256:574085a33ca0d2c67433e5f3e9a0965c487410d6cb3406c83bdaf549bfc2992e",
                "sha256:59cd75ded98094d3cf2d79e84cdb38a46e33e7441b2826f3838dcc7c07f82995",
                "sha256:5ee0522eed6680bb5bac5b6d738f7b0923b3cafce8c4b1a039a6107f0841d7ed",
                "sha256:65917cfd5da9dfc993d5684643063318a2e875f798047911a9dd71ca066641c9",
                "sha256:685bc4ec61a50f7360c9fd18e277b65db90105adbf9c79938bd315435e526b90",
                "sha256:92e8418976e52201364a3174e40dc31f5fd8c147186d72380cbda54e0464ee19",
                "sha256:9335f79d1940dfb9bcaf8ec881fb8ab47d7a2c721fb8b02949aab8bbf8b68625",
                "sha256:a7ee3bb6de78185e5411487bef8bc1c59ebd97e47713cba3c460ef44e99b3db9",
                "sha256:ceec283da2323e2431c49de58f80e1718986b79be59c266bb0509cbf90ca5b9e",
                "sha256:fcfc907746ec22716f05ea96b7f41597dfe1a1c088f861efb8a0d4f4196a6f10"
            ],
            "version": "==3.6.1"
        },
        "pytoml": {
            "hashes": [
                "sha256:ca2d0cb127c938b8b76a9a0d0f855cf930c1d50cc3a0af6d3595b566519a1013"
            ],
            "version": "==0.1.20"
        },
        "quart": {
            "hashes": [
                "sha256:0ce415d8618e5e1db0de3d09f108639c3353cd6b19e2dfb6f3260a31433853eb",
                "sha256:f24b36c9a74c6584a72060f7a335efb8a6475d85a4a6218de17685f3a16cd4a4"
            ],
            "index": "pypi",
            "version": "==0.6.10"
        },
        "six": {
            "hashes": [
                "sha256:70e8a77beed4562e7f14fe23a786b54f6296e34344c23bc42f07b15018ff98e9",
                "sha256:832dc0e10feb1aa2c68dcc57dbb658f1c7e65b9b61af69048abc87a2db00a0eb"
            ],
            "version": "==1.11.0"
        },
        "sortedcontainers": {
            "hashes": [
                "sha256:974e9a32f56b17c1bac2aebd9dcf197f3eb9cd30553c5852a3187ad162e1a03a",
                "sha256:d9e96492dd51fae31e60837736b38fe42a187b5404c16606ff7ee7cd582d4c60"
            ],
            "version": "==2.1.0"
        },
        "typing-extensions": {
            "hashes": [
                "sha256:2a6c6e78e291a4b6cbd0bbfd30edc0baaa366de962129506ec8fe06bdec66457",
                "sha256:51e7b7f3dcabf9ad22eed61490f3b8d23d9922af400fe6656cb08e66656b701f",
                "sha256:55401f6ed58ade5638eb566615c150ba13624e2f0c1eedd080fc3c1b6cb76f1d"
            ],
            "version": "==3.6.6"
        },
        "wsproto": {
            "hashes": [
                "sha256:1fcb726d448f1b9bcbea884e26621af5ddd01d2d502941a024f4c727828b6009",
                "sha256:6a51cf18d9de612892b9c1d38a8c1bdadec0cfe15de61cd5c0f09174bf0c7e82"
            ],
            "version": "==0.12.0"
        }
    },
    "develop": {}
}
